
Microsoft Visual Studio Solution File, Format Version 12.00
# Visual Studio 15
VisualStudioVersion = 15.0.27428.2043
MinimumVisualStudioVersion = 10.0.40219.1
Project("{8BC9CEB8-8B4A-11D0-8D11-00A0C91BC942}") = "Clustering", "Clustering\Clustering.vcxproj", "{85F9F2E8-EDE4-45F2-BA73-128F831E0835}"
EndProject
Global
	GlobalSection(SolutionConfigurationPlatforms) = preSolution
		Debug|x64 = Debug|x64
		Debug|x86 = Debug|x86
		Release|x64 = Release|x64
		Release|x86 = Release|x86
	EndGlobalSection
	GlobalSection(ProjectConfigurationPlatforms) = postSolution
		{85F9F2E8-EDE4-45F2-BA73-128F831E0835}.Debug|x64.ActiveCfg = Debug|x64
		{85F9F2E8-EDE4-45F2-BA73-128F831E0835}.Debug|x64.Build.0 = Debug|x64
		{85F9F2E8-EDE4-45F2-BA73-128F831E0835}.Debug|x86.ActiveCfg = Debug|Win32
		{85F9F2E8-EDE4-45F2-BA73-128F831E0835}.Debug|x86.Build.0 = Debug|Win32
		{85F9F2E8-EDE4-45F2-BA73-128F831E0835}.Release|x64.ActiveCfg = Release|x64
		{85F9F2E8-EDE4-45F2-BA73-128F831E0835}.Release|x64.Build.0 = Release|x64
		{85F9F2E8-EDE4-45F2-BA73-128F831E0835}.Release|x86.ActiveCfg = Release|Win32
		{85F9F2E8-EDE4-45F2-BA73-128F831E0835}.Release|x86.Build.0 = Release|Win32
	EndGlobalSection
	GlobalSection(SolutionProperties) = preSolution
		HideSolutionNode = FALSE
	EndGlobalSection
	GlobalSection(ExtensibilityGlobals) = postSolution
		SolutionGuid = {8FDC9280-8A3E-4259-B941-73F892DA3107}
	EndGlobalSection
EndGlobal
