
Microsoft Visual Studio Solution File, Format Version 12.00
# Visual Studio 15
VisualStudioVersion = 15.0.27428.2043
MinimumVisualStudioVersion = 10.0.40219.1
Project("{8BC9CEB8-8B4A-11D0-8D11-00A0C91BC942}") = "TopologicalSort", "TopologicalSort\TopologicalSort.vcxproj", "{C44C0F7D-637B-4AA1-95EE-32766F36E20B}"
EndProject
Global
	GlobalSection(SolutionConfigurationPlatforms) = preSolution
		Debug|x64 = Debug|x64
		Debug|x86 = Debug|x86
		Release|x64 = Release|x64
		Release|x86 = Release|x86
	EndGlobalSection
	GlobalSection(ProjectConfigurationPlatforms) = postSolution
		{C44C0F7D-637B-4AA1-95EE-32766F36E20B}.Debug|x64.ActiveCfg = Debug|x64
		{C44C0F7D-637B-4AA1-95EE-32766F36E20B}.Debug|x64.Build.0 = Debug|x64
		{C44C0F7D-637B-4AA1-95EE-32766F36E20B}.Debug|x86.ActiveCfg = Debug|Win32
		{C44C0F7D-637B-4AA1-95EE-32766F36E20B}.Debug|x86.Build.0 = Debug|Win32
		{C44C0F7D-637B-4AA1-95EE-32766F36E20B}.Release|x64.ActiveCfg = Release|x64
		{C44C0F7D-637B-4AA1-95EE-32766F36E20B}.Release|x64.Build.0 = Release|x64
		{C44C0F7D-637B-4AA1-95EE-32766F36E20B}.Release|x86.ActiveCfg = Release|Win32
		{C44C0F7D-637B-4AA1-95EE-32766F36E20B}.Release|x86.Build.0 = Release|Win32
	EndGlobalSection
	GlobalSection(SolutionProperties) = preSolution
		HideSolutionNode = FALSE
	EndGlobalSection
	GlobalSection(ExtensibilityGlobals) = postSolution
		SolutionGuid = {6992834C-44C3-4772-8117-0D11CDD43CF8}
	EndGlobalSection
EndGlobal
