
Microsoft Visual Studio Solution File, Format Version 12.00
# Visual Studio 15
VisualStudioVersion = 15.0.27428.2043
MinimumVisualStudioVersion = 10.0.40219.1
Project("{8BC9CEB8-8B4A-11D0-8D11-00A0C91BC942}") = "Reachablity", "Reachablity\Reachablity.vcxproj", "{1B98700C-E44F-47CF-8333-A97DEEEC7402}"
EndProject
Global
	GlobalSection(SolutionConfigurationPlatforms) = preSolution
		Debug|x64 = Debug|x64
		Debug|x86 = Debug|x86
		Release|x64 = Release|x64
		Release|x86 = Release|x86
	EndGlobalSection
	GlobalSection(ProjectConfigurationPlatforms) = postSolution
		{1B98700C-E44F-47CF-8333-A97DEEEC7402}.Debug|x64.ActiveCfg = Debug|x64
		{1B98700C-E44F-47CF-8333-A97DEEEC7402}.Debug|x64.Build.0 = Debug|x64
		{1B98700C-E44F-47CF-8333-A97DEEEC7402}.Debug|x86.ActiveCfg = Debug|Win32
		{1B98700C-E44F-47CF-8333-A97DEEEC7402}.Debug|x86.Build.0 = Debug|Win32
		{1B98700C-E44F-47CF-8333-A97DEEEC7402}.Release|x64.ActiveCfg = Release|x64
		{1B98700C-E44F-47CF-8333-A97DEEEC7402}.Release|x64.Build.0 = Release|x64
		{1B98700C-E44F-47CF-8333-A97DEEEC7402}.Release|x86.ActiveCfg = Release|Win32
		{1B98700C-E44F-47CF-8333-A97DEEEC7402}.Release|x86.Build.0 = Release|Win32
	EndGlobalSection
	GlobalSection(SolutionProperties) = preSolution
		HideSolutionNode = FALSE
	EndGlobalSection
	GlobalSection(ExtensibilityGlobals) = postSolution
		SolutionGuid = {BC5E55A0-D8D3-41CB-8D46-656EB6CDA769}
	EndGlobalSection
EndGlobal
